
Microsoft Visual Studio Solution File, Format Version 12.00
# Visual Studio Version 17
VisualStudioVersion = 17.10.35013.160
MinimumVisualStudioVersion = 10.0.40219.1
Project("{FAE04EC0-301F-11D3-BF4B-00C04F79EFBC}") = "FastAndEconomy", "FastAndEconomy\FastAndEconomy.csproj", "{C9EB5725-0667-4609-8942-C9B25C722CD2}"
EndProject
Global
	GlobalSection(SolutionConfigurationPlatforms) = preSolution
		Debug|Any CPU = Debug|Any CPU
		Release|Any CPU = Release|Any CPU
	EndGlobalSection
	GlobalSection(ProjectConfigurationPlatforms) = postSolution
		{C9EB5725-0667-4609-8942-C9B25C722CD2}.Debug|Any CPU.ActiveCfg = Debug|Any CPU
		{C9EB5725-0667-4609-8942-C9B25C722CD2}.Debug|Any CPU.Build.0 = Debug|Any CPU
		{C9EB5725-0667-4609-8942-C9B25C722CD2}.Release|Any CPU.ActiveCfg = Release|Any CPU
		{C9EB5725-0667-4609-8942-C9B25C722CD2}.Release|Any CPU.Build.0 = Release|Any CPU
	EndGlobalSection
	GlobalSection(SolutionProperties) = preSolution
		HideSolutionNode = FALSE
	EndGlobalSection
	GlobalSection(ExtensibilityGlobals) = postSolution
		SolutionGuid = {61474425-700A-4AA8-847B-9324961BAED5}
	EndGlobalSection
EndGlobal
